
Microsoft Visual Studio Solution File, Format Version 12.00
# Visual Studio Version 16
VisualStudioVersion = 16.0.28922.388
MinimumVisualStudioVersion = 10.0.40219.1
Project("{9A19103F-16F7-4668-BE54-9A1E7A4F7556}") = "SFA.DAS.Forecasting.Triggers", "SFA.DAS.Forecasting.Triggers\SFA.DAS.Forecasting.Triggers.csproj", "{9F903F3C-4DB5-4326-8038-E56C8A3C2793}"
EndProject
Project("{2150E333-8FDC-42A3-9474-1A3956D46DE8}") = "Functions", "Functions", "{71C2ED63-04B8-465E-9B4F-365D9689555C}"
EndProject
Project("{2150E333-8FDC-42A3-9474-1A3956D46DE8}") = "Tests", "Tests", "{16EF1519-1444-417B-BC9A-AE6E0D174892}"
EndProject
Project("{9A19103F-16F7-4668-BE54-9A1E7A4F7556}") = "SFA.DAS.Forecasting.Trigger.TestConsole", "SFA.DAS.Forecasting.Trigger.TestConsole\SFA.DAS.Forecasting.Trigger.TestConsole.csproj", "{5A89F654-92E5-4C68-BD74-E268C6E233D0}"
EndProject
Project("{9A19103F-16F7-4668-BE54-9A1E7A4F7556}") = "SFA.DAS.Forecasting.Jobs.Infrastructure", "SFA.DAS.Forecasting.Jobs.Infrastructure\SFA.DAS.Forecasting.Jobs.Infrastructure.csproj", "{2ED022CC-D6EA-4AD8-9A4D-8E8DF9021728}"
EndProject
Project("{9A19103F-16F7-4668-BE54-9A1E7A4F7556}") = "SFA.DAS.Forecasting.Domain", "SFA.DAS.Forecasting.Domain\SFA.DAS.Forecasting.Domain.csproj", "{4E97C817-FE1C-4962-99E3-C6EC00564A64}"
EndProject
Project("{FAE04EC0-301F-11D3-BF4B-00C04F79EFBC}") = "SFA.DAS.Forecasting.Functions.Triggers.UnitTests", "SFA.DAS.Forecasting.Functions.Triggers.UnitTests\SFA.DAS.Forecasting.Functions.Triggers.UnitTests.csproj", "{18DB7254-3D22-483E-A500-CF6480D7E08D}"
EndProject
Global
	GlobalSection(SolutionConfigurationPlatforms) = preSolution
		Debug|Any CPU = Debug|Any CPU
		Release|Any CPU = Release|Any CPU
	EndGlobalSection
	GlobalSection(ProjectConfigurationPlatforms) = postSolution
		{9F903F3C-4DB5-4326-8038-E56C8A3C2793}.Debug|Any CPU.ActiveCfg = Debug|Any CPU
		{9F903F3C-4DB5-4326-8038-E56C8A3C2793}.Debug|Any CPU.Build.0 = Debug|Any CPU
		{9F903F3C-4DB5-4326-8038-E56C8A3C2793}.Release|Any CPU.ActiveCfg = Release|Any CPU
		{9F903F3C-4DB5-4326-8038-E56C8A3C2793}.Release|Any CPU.Build.0 = Release|Any CPU
		{5A89F654-92E5-4C68-BD74-E268C6E233D0}.Debug|Any CPU.ActiveCfg = Debug|Any CPU
		{5A89F654-92E5-4C68-BD74-E268C6E233D0}.Debug|Any CPU.Build.0 = Debug|Any CPU
		{5A89F654-92E5-4C68-BD74-E268C6E233D0}.Release|Any CPU.ActiveCfg = Release|Any CPU
		{5A89F654-92E5-4C68-BD74-E268C6E233D0}.Release|Any CPU.Build.0 = Release|Any CPU
		{2ED022CC-D6EA-4AD8-9A4D-8E8DF9021728}.Debug|Any CPU.ActiveCfg = Debug|Any CPU
		{2ED022CC-D6EA-4AD8-9A4D-8E8DF9021728}.Debug|Any CPU.Build.0 = Debug|Any CPU
		{2ED022CC-D6EA-4AD8-9A4D-8E8DF9021728}.Release|Any CPU.ActiveCfg = Release|Any CPU
		{2ED022CC-D6EA-4AD8-9A4D-8E8DF9021728}.Release|Any CPU.Build.0 = Release|Any CPU
		{4E97C817-FE1C-4962-99E3-C6EC00564A64}.Debug|Any CPU.ActiveCfg = Debug|Any CPU
		{4E97C817-FE1C-4962-99E3-C6EC00564A64}.Debug|Any CPU.Build.0 = Debug|Any CPU
		{4E97C817-FE1C-4962-99E3-C6EC00564A64}.Release|Any CPU.ActiveCfg = Release|Any CPU
		{4E97C817-FE1C-4962-99E3-C6EC00564A64}.Release|Any CPU.Build.0 = Release|Any CPU
		{18DB7254-3D22-483E-A500-CF6480D7E08D}.Debug|Any CPU.ActiveCfg = Debug|Any CPU
		{18DB7254-3D22-483E-A500-CF6480D7E08D}.Debug|Any CPU.Build.0 = Debug|Any CPU
		{18DB7254-3D22-483E-A500-CF6480D7E08D}.Release|Any CPU.ActiveCfg = Release|Any CPU
		{18DB7254-3D22-483E-A500-CF6480D7E08D}.Release|Any CPU.Build.0 = Release|Any CPU
	EndGlobalSection
	GlobalSection(SolutionProperties) = preSolution
		HideSolutionNode = FALSE
	EndGlobalSection
	GlobalSection(NestedProjects) = preSolution
		{9F903F3C-4DB5-4326-8038-E56C8A3C2793} = {71C2ED63-04B8-465E-9B4F-365D9689555C}
		{5A89F654-92E5-4C68-BD74-E268C6E233D0} = {16EF1519-1444-417B-BC9A-AE6E0D174892}
		{18DB7254-3D22-483E-A500-CF6480D7E08D} = {16EF1519-1444-417B-BC9A-AE6E0D174892}
	EndGlobalSection
	GlobalSection(ExtensibilityGlobals) = postSolution
		SolutionGuid = {0DBE8BCD-C0BE-4CDE-AA77-E527EBA234BF}
	EndGlobalSection
EndGlobal
