
Microsoft Visual Studio Solution File, Format Version 12.00
# Visual Studio Version 16
VisualStudioVersion = 16.0.28922.388
MinimumVisualStudioVersion = 10.0.40219.1
Project("{2150E333-8FDC-42A3-9474-1A3956D46DE8}") = "Functions", "Functions", "{71C2ED63-04B8-465E-9B4F-365D9689555C}"
EndProject
Project("{2150E333-8FDC-42A3-9474-1A3956D46DE8}") = "Tests", "Tests", "{16EF1519-1444-417B-BC9A-AE6E0D174892}"
EndProject
Project("{9A19103F-16F7-4668-BE54-9A1E7A4F7556}") = "SFA.DAS.Forecasting.Commitments.Functions", "SFA.DAS.Forecasting.Commitments.Functions\SFA.DAS.Forecasting.Commitments.Functions.csproj", "{31EC7677-C609-4D44-AF07-F6136A898417}"
EndProject
Project("{9A19103F-16F7-4668-BE54-9A1E7A4F7556}") = "SFA.DAS.Forecasting.Commitments.Functions.UnitTests", "SFA.DAS.Forecasting.Commitments.Functions.UnitTests\SFA.DAS.Forecasting.Commitments.Functions.UnitTests.csproj", "{B0F0760B-2104-4AA5-AF60-3D7BAFC3F5D8}"
EndProject
Global
	GlobalSection(SolutionConfigurationPlatforms) = preSolution
		Debug|Any CPU = Debug|Any CPU
		Release|Any CPU = Release|Any CPU
	EndGlobalSection
	GlobalSection(ProjectConfigurationPlatforms) = postSolution
		{31EC7677-C609-4D44-AF07-F6136A898417}.Debug|Any CPU.ActiveCfg = Debug|Any CPU
		{31EC7677-C609-4D44-AF07-F6136A898417}.Debug|Any CPU.Build.0 = Debug|Any CPU
		{31EC7677-C609-4D44-AF07-F6136A898417}.Release|Any CPU.ActiveCfg = Release|Any CPU
		{31EC7677-C609-4D44-AF07-F6136A898417}.Release|Any CPU.Build.0 = Release|Any CPU
		{B0F0760B-2104-4AA5-AF60-3D7BAFC3F5D8}.Debug|Any CPU.ActiveCfg = Debug|Any CPU
		{B0F0760B-2104-4AA5-AF60-3D7BAFC3F5D8}.Release|Any CPU.ActiveCfg = Release|Any CPU
		{B0F0760B-2104-4AA5-AF60-3D7BAFC3F5D8}.Release|Any CPU.Build.0 = Release|Any CPU
	EndGlobalSection
	GlobalSection(SolutionProperties) = preSolution
		HideSolutionNode = FALSE
	EndGlobalSection
	GlobalSection(NestedProjects) = preSolution
		{31EC7677-C609-4D44-AF07-F6136A898417} = {71C2ED63-04B8-465E-9B4F-365D9689555C}
		{B0F0760B-2104-4AA5-AF60-3D7BAFC3F5D8} = {16EF1519-1444-417B-BC9A-AE6E0D174892}
	EndGlobalSection
	GlobalSection(ExtensibilityGlobals) = postSolution
		SolutionGuid = {0DBE8BCD-C0BE-4CDE-AA77-E527EBA234BF}
	EndGlobalSection
EndGlobal
